{
  "version": 2,
  "dependencies": {
    "net10.0": {
      "Microsoft.CodeAnalysis.Analyzers": {
        "type": "Direct",
        "requested": "[3.11.0, )",
        "resolved": "3.11.0",
        "contentHash": "v/EW3UE8/lbEYHoC2Qq7AR/DnmvpgdtAMndfQNmpuIMx/Mto8L5JnuCfdBYtgvalQOtfNCnxFejxuRrryvUTsg=="
      },
      "Microsoft.OpenApi": {
        "type": "Direct",
        "requested": "[2.12.0, )",
        "resolved": "2.12.0",
        "contentHash": "0xB/be+f6qYOhvQPUrVsLrau+fkowYv6gt9RIkajMhwT7sZnqtcA797yW3bS5kgSje+AQW4xZgyLnW641YFioQ=="
      },
      "Swashbuckle.AspNetCore": {
        "type": "Direct",
        "requested": "[10.2.3, )",
        "resolved": "10.2.3",
        "contentHash": "8KNh1RWvofdU6DVLyBs4Z/OpUMnmf8oNvJQc0QxpwySRbi42bwLfdVMMrXZWANg5U5KQGQq1xW6r/hlcqw99tQ==",
        "dependencies": {
          "Microsoft.Extensions.ApiDescription.Server": "10.0.0",
          "Swashbuckle.AspNetCore.Swagger": "10.2.3",
          "Swashbuckle.AspNetCore.SwaggerGen": "10.2.3",
          "Swashbuckle.AspNetCore.SwaggerUI": "10.2.3"
        }
      },
      "Microsoft.Extensions.ApiDescription.Server": {
        "type": "Transitive",
        "resolved": "10.0.0",
        "contentHash": "NCWCGiwRwje8773yzPQhvucYnnfeR+ZoB1VRIrIMp4uaeUNw7jvEPHij3HIbwCDuNCrNcphA00KSAR9yD9qmbg=="
      },
      "Swashbuckle.AspNetCore.Swagger": {
        "type": "Transitive",
        "resolved": "10.2.3",
        "contentHash": "1jUUs3WQnrS0FUtaZPLSy1yYMEwS1zlvDmvQ2/eldPHUANX0LJSLVZecCMgSMdeGiRqeaRrIXLtSz++TCiTMww==",
        "dependencies": {
          "Microsoft.OpenApi": "2.7.5"
        }
      },
      "Swashbuckle.AspNetCore.SwaggerGen": {
        "type": "Transitive",
        "resolved": "10.2.3",
        "contentHash": "y7t4coDRAeFYChmvlMRiH2OjbiRrm9AVIDgt17fQfs3x9PVAI5PiwWYOhg+4F13R4Q36WDc9lqfoOnNa3tNbGg==",
        "dependencies": {
          "Swashbuckle.AspNetCore.Swagger": "10.2.3"
        }
      },
      "Swashbuckle.AspNetCore.SwaggerUI": {
        "type": "Transitive",
        "resolved": "10.2.3",
        "contentHash": "nthWONRs/FJ4yyG206g1cC52WEG8EqrjuMWjGdR+5XG7lbjFto6NqcI9EMICgVFom/UivIjUVwI76ZHbHwTPfQ=="
      },
      "whatishedoing.domainmodels": {
        "type": "Project",
        "dependencies": {
          "Newtonsoft.Json": "[13.0.4, )",
          "WhatIsHeDoing.Core": "[10.2.0, )"
        }
      },
      "Newtonsoft.Json": {
        "type": "CentralTransitive",
        "requested": "[13.0.4, )",
        "resolved": "13.0.4",
        "contentHash": "pdgNNMai3zv51W5aq268sujXUyx7SNdE2bj1wZcWjAQrKMFZV260lbqYop1d2GM67JI1huLRwxo9ZqnfF/lC6A=="
      },
      "WhatIsHeDoing.Core": {
        "type": "CentralTransitive",
        "requested": "[10.2.0, )",
        "resolved": "10.2.0",
        "contentHash": "gOyyMaMFlClc6uZvQnTwVv7YU6dQErToOV9m29dQCbHmyoMyKdKHElnYWAbXb4Ijpm+kttFLKKujs/HRUz8lUQ=="
      }
    }
  }
}